// !$*UTF8*$!
{
	archiveVersion = 1;
	classes = {
	};
	objectVersion = 46;
	objects = {

/* Begin PBXBuildFile section */
		740B67DA1F4216B4009329A3 /* WebViewController.swift in Sources */ = {isa = PBXBuildFile; fileRef = 740B67D91F4216B4009329A3 /* WebViewController.swift */; };
		7417DC4B1F39E1B700FB0769 /* Source of API.swift in Sources */ = {isa = PBXBuildFile; fileRef = 7417DC4A1F39E1B700FB0769 /* Source of API.swift */; };
		74886B071F3B1A5E00E69EA4 /* Main.storyboard in Resources */ = {isa = PBXBuildFile; fileRef = 74886B051F3B1A5E00E69EA4 /* Main.storyboard */; };
		74886B091F3B1DDB00E69EA4 /* SourceCollectionViewCell.swift in Sources */ = {isa = PBXBuildFile; fileRef = 74886B081F3B1DDB00E69EA4 /* SourceCollectionViewCell.swift */; };
		74886B0B1F3B1F8600E69EA4 /* SourceCollectionViewController.swift in Sources */ = {isa = PBXBuildFile; fileRef = 74886B0A1F3B1F8600E69EA4 /* SourceCollectionViewController.swift */; };
		74886B0D1F3B294B00E69EA4 /* Assets.xcassets in Resources */ = {isa = PBXBuildFile; fileRef = 74886B0C1F3B294B00E69EA4 /* Assets.xcassets */; };
		74886B0F1F3C469900E69EA4 /* MainTableViewCell.swift in Sources */ = {isa = PBXBuildFile; fileRef = 74886B0E1F3C469900E69EA4 /* MainTableViewCell.swift */; };
		748B3ABE1F37385D000555EA /* AppDelegate.swift in Sources */ = {isa = PBXBuildFile; fileRef = 748B3ABD1F37385D000555EA /* AppDelegate.swift */; };
		748B3AC61F37385D000555EA /* Top_News.xcdatamodeld in Sources */ = {isa = PBXBuildFile; fileRef = 748B3AC41F37385D000555EA /* Top_News.xcdatamodeld */; };
		748B3ACB1F37385D000555EA /* LaunchScreen.storyboard in Resources */ = {isa = PBXBuildFile; fileRef = 748B3AC91F37385D000555EA /* LaunchScreen.storyboard */; };
		748B3AD61F3744AD000555EA /* MainViewController.swift in Sources */ = {isa = PBXBuildFile; fileRef = 748B3AD51F3744AD000555EA /* MainViewController.swift */; };
		748B3AE41F374D29000555EA /* News.swift in Sources */ = {isa = PBXBuildFile; fileRef = 748B3AE31F374D29000555EA /* News.swift */; };
		748B3AE81F374DA7000555EA /* Article.swift in Sources */ = {isa = PBXBuildFile; fileRef = 748B3AE71F374DA7000555EA /* Article.swift */; };
		748B3AEA1F3754BC000555EA /* NewsAPI.swift in Sources */ = {isa = PBXBuildFile; fileRef = 748B3AE91F3754BC000555EA /* NewsAPI.swift */; };
		74EB508A1F41E23A00AB9587 /* InfiniteFooterView.swift in Sources */ = {isa = PBXBuildFile; fileRef = 74EB50891F41E23A00AB9587 /* InfiniteFooterView.swift */; };
		9A0B3C41C191764DDC6076E5 /* Pods_Top_News.framework in Frameworks */ = {isa = PBXBuildFile; fileRef = AA47CDE27213FB6909BB2CB9 /* Pods_Top_News.framework */; };
/* End PBXBuildFile section */

/* Begin PBXFileReference section */
		6CD4B9E97C4265C479D8654E /* Pods-Top News.release.xcconfig */ = {isa = PBXFileReference; includeInIndex = 1; lastKnownFileType = text.xcconfig; name = "Pods-Top News.release.xcconfig"; path = "Pods/Target Support Files/Pods-Top News/Pods-Top News.release.xcconfig"; sourceTree = "<group>"; };
		740B67D91F4216B4009329A3 /* WebViewController.swift */ = {isa = PBXFileReference; fileEncoding = 4; lastKnownFileType = sourcecode.swift; path = WebViewController.swift; sourceTree = "<group>"; };
		7417DC4A1F39E1B700FB0769 /* Source of API.swift */ = {isa = PBXFileReference; fileEncoding = 4; lastKnownFileType = sourcecode.swift; path = "Source of API.swift"; sourceTree = "<group>"; };
		74886B061F3B1A5E00E69EA4 /* Base */ = {isa = PBXFileReference; lastKnownFileType = file.storyboard; name = Base; path = Base.lproj/Main.storyboard; sourceTree = "<group>"; };
		74886B081F3B1DDB00E69EA4 /* SourceCollectionViewCell.swift */ = {isa = PBXFileReference; fileEncoding = 4; lastKnownFileType = sourcecode.swift; path = SourceCollectionViewCell.swift; sourceTree = "<group>"; };
		74886B0A1F3B1F8600E69EA4 /* SourceCollectionViewController.swift */ = {isa = PBXFileReference; fileEncoding = 4; lastKnownFileType = sourcecode.swift; path = SourceCollectionViewController.swift; sourceTree = "<group>"; };
		74886B0C1F3B294B00E69EA4 /* Assets.xcassets */ = {isa = PBXFileReference; lastKnownFileType = folder.assetcatalog; path = Assets.xcassets; sourceTree = "<group>"; };
		74886B0E1F3C469900E69EA4 /* MainTableViewCell.swift */ = {isa = PBXFileReference; fileEncoding = 4; lastKnownFileType = sourcecode.swift; path = MainTableViewCell.swift; sourceTree = "<group>"; };
		748B3ABA1F37385D000555EA /* Top News.app */ = {isa = PBXFileReference; explicitFileType = wrapper.application; includeInIndex = 0; path = "Top News.app"; sourceTree = BUILT_PRODUCTS_DIR; };
		748B3ABD1F37385D000555EA /* AppDelegate.swift */ = {isa = PBXFileReference; lastKnownFileType = sourcecode.swift; path = AppDelegate.swift; sourceTree = "<group>"; };
		748B3AC51F37385D000555EA /* Top_News.xcdatamodel */ = {isa = PBXFileReference; lastKnownFileType = wrapper.xcdatamodel; path = Top_News.xcdatamodel; sourceTree = "<group>"; };
		748B3ACA1F37385D000555EA /* Base */ = {isa = PBXFileReference; lastKnownFileType = file.storyboard; name = Base; path = Base.lproj/LaunchScreen.storyboard; sourceTree = "<group>"; };
		748B3ACC1F37385D000555EA /* Info.plist */ = {isa = PBXFileReference; lastKnownFileType = text.plist.xml; path = Info.plist; sourceTree = "<group>"; };
		748B3AD51F3744AD000555EA /* MainViewController.swift */ = {isa = PBXFileReference; fileEncoding = 4; lastKnownFileType = sourcecode.swift; path = MainViewController.swift; sourceTree = "<group>"; };
		748B3AE31F374D29000555EA /* News.swift */ = {isa = PBXFileReference; fileEncoding = 4; lastKnownFileType = sourcecode.swift; path = News.swift; sourceTree = "<group>"; };
		748B3AE71F374DA7000555EA /* Article.swift */ = {isa = PBXFileReference; fileEncoding = 4; lastKnownFileType = sourcecode.swift; path = Article.swift; sourceTree = "<group>"; };
		748B3AE91F3754BC000555EA /* NewsAPI.swift */ = {isa = PBXFileReference; fileEncoding = 4; lastKnownFileType = sourcecode.swift; path = NewsAPI.swift; sourceTree = "<group>"; };
		74EB50891F41E23A00AB9587 /* InfiniteFooterView.swift */ = {isa = PBXFileReference; fileEncoding = 4; lastKnownFileType = sourcecode.swift; path = InfiniteFooterView.swift; sourceTree = "<group>"; };
		824BC1EE13673DDCD03FD77F /* Pods-Top News.debug.xcconfig */ = {isa = PBXFileReference; includeInIndex = 1; lastKnownFileType = text.xcconfig; name = "Pods-Top News.debug.xcconfig"; path = "Pods/Target Support Files/Pods-Top News/Pods-Top News.debug.xcconfig"; sourceTree = "<group>"; };
		AA47CDE27213FB6909BB2CB9 /* Pods_Top_News.framework */ = {isa = PBXFileReference; explicitFileType = wrapper.framework; includeInIndex = 0; path = Pods_Top_News.framework; sourceTree = BUILT_PRODUCTS_DIR; };
/* End PBXFileReference section */

/* Begin PBXFrameworksBuildPhase section */
		748B3AB71F37385D000555EA /* Frameworks */ = {
			isa = PBXFrameworksBuildPhase;
			buildActionMask = 2147483647;
			files = (
				9A0B3C41C191764DDC6076E5 /* Pods_Top_News.framework in Frameworks */,
			);
			runOnlyForDeploymentPostprocessing = 0;
		};
/* End PBXFrameworksBuildPhase section */

/* Begin PBXGroup section */
		740B67D81F42169A009329A3 /* WebView */ = {
			isa = PBXGroup;
			children = (
				740B67D91F4216B4009329A3 /* WebViewController.swift */,
			);
			name = WebView;
			sourceTree = "<group>";
		};
		7417DC491F39E18D00FB0769 /* Source */ = {
			isa = PBXGroup;
			children = (
				7417DC4A1F39E1B700FB0769 /* Source of API.swift */,
			);
			name = Source;
			sourceTree = "<group>";
		};
		748B3AB11F37385D000555EA = {
			isa = PBXGroup;
			children = (
				748B3ABC1F37385D000555EA /* Top News */,
				748B3ABB1F37385D000555EA /* Products */,
				9DA323AA8085085C63E5CFC4 /* Pods */,
				7D42B768CDCF8B4826A8D79A /* Frameworks */,
			);
			sourceTree = "<group>";
		};
		748B3ABB1F37385D000555EA /* Products */ = {
			isa = PBXGroup;
			children = (
				748B3ABA1F37385D000555EA /* Top News.app */,
			);
			name = Products;
			sourceTree = "<group>";
		};
		748B3ABC1F37385D000555EA /* Top News */ = {
			isa = PBXGroup;
			children = (
				7417DC491F39E18D00FB0769 /* Source */,
				748B3AD71F3744CE000555EA /* Model */,
				748B3AD41F3738C8000555EA /* GUI */,
				748B3AD31F37389C000555EA /* Support Files */,
				748B3AD21F373888000555EA /* Data Base */,
				748B3AE91F3754BC000555EA /* NewsAPI.swift */,
				74886B051F3B1A5E00E69EA4 /* Main.storyboard */,
			);
			path = "Top News";
			sourceTree = "<group>";
		};
		748B3AD21F373888000555EA /* Data Base */ = {
			isa = PBXGroup;
			children = (
				748B3AC41F37385D000555EA /* Top_News.xcdatamodeld */,
			);
			name = "Data Base";
			sourceTree = "<group>";
		};
		748B3AD31F37389C000555EA /* Support Files */ = {
			isa = PBXGroup;
			children = (
				748B3AC91F37385D000555EA /* LaunchScreen.storyboard */,
				748B3ABD1F37385D000555EA /* AppDelegate.swift */,
				74886B0C1F3B294B00E69EA4 /* Assets.xcassets */,
				748B3ACC1F37385D000555EA /* Info.plist */,
			);
			name = "Support Files";
			sourceTree = "<group>";
		};
		748B3AD41F3738C8000555EA /* GUI */ = {
			isa = PBXGroup;
			children = (
				740B67D81F42169A009329A3 /* WebView */,
				74EB50851F41E19600AB9587 /* Main */,
				74EB50861F41E1A700AB9587 /* Source */,
			);
			name = GUI;
			sourceTree = "<group>";
		};
		748B3AD71F3744CE000555EA /* Model */ = {
			isa = PBXGroup;
			children = (
				748B3AE31F374D29000555EA /* News.swift */,
				748B3AE71F374DA7000555EA /* Article.swift */,
			);
			name = Model;
			sourceTree = "<group>";
		};
		74EB50851F41E19600AB9587 /* Main */ = {
			isa = PBXGroup;
			children = (
				748B3AD51F3744AD000555EA /* MainViewController.swift */,
				74886B0E1F3C469900E69EA4 /* MainTableViewCell.swift */,
				74EB50891F41E23A00AB9587 /* InfiniteFooterView.swift */,
			);
			name = Main;
			sourceTree = "<group>";
		};
		74EB50861F41E1A700AB9587 /* Source */ = {
			isa = PBXGroup;
			children = (
				74886B081F3B1DDB00E69EA4 /* SourceCollectionViewCell.swift */,
				74886B0A1F3B1F8600E69EA4 /* SourceCollectionViewController.swift */,
			);
			name = Source;
			sourceTree = "<group>";
		};
		7D42B768CDCF8B4826A8D79A /* Frameworks */ = {
			isa = PBXGroup;
			children = (
				AA47CDE27213FB6909BB2CB9 /* Pods_Top_News.framework */,
			);
			name = Frameworks;
			sourceTree = "<group>";
		};
		9DA323AA8085085C63E5CFC4 /* Pods */ = {
			isa = PBXGroup;
			children = (
				824BC1EE13673DDCD03FD77F /* Pods-Top News.debug.xcconfig */,
				6CD4B9E97C4265C479D8654E /* Pods-Top News.release.xcconfig */,
			);
			name = Pods;
			sourceTree = "<group>";
		};
/* End PBXGroup section */

/* Begin PBXNativeTarget section */
		748B3AB91F37385D000555EA /* Top News */ = {
			isa = PBXNativeTarget;
			buildConfigurationList = 748B3ACF1F37385D000555EA /* Build configuration list for PBXNativeTarget "Top News" */;
			buildPhases = (
				07B2095B42FD64E9B71B84DC /* [CP] Check Pods Manifest.lock */,
				748B3AB61F37385D000555EA /* Sources */,
				748B3AB71F37385D000555EA /* Frameworks */,
				748B3AB81F37385D000555EA /* Resources */,
				565FBC219EFD56D3D765B033 /* [CP] Embed Pods Frameworks */,
				1B4F5D8E5837257385090E50 /* [CP] Copy Pods Resources */,
			);
			buildRules = (
			);
			dependencies = (
			);
			name = "Top News";
			productName = "Top News";
			productReference = 748B3ABA1F37385D000555EA /* Top News.app */;
			productType = "com.apple.product-type.application";
		};
/* End PBXNativeTarget section */

/* Begin PBXProject section */
		748B3AB21F37385D000555EA /* Project object */ = {
			isa = PBXProject;
			attributes = {
				LastSwiftUpdateCheck = 0820;
				LastUpgradeCheck = 0820;
				ORGANIZATIONNAME = Egor;
				TargetAttributes = {
					748B3AB91F37385D000555EA = {
						CreatedOnToolsVersion = 8.2.1;
						ProvisioningStyle = Automatic;
					};
				};
			};
			buildConfigurationList = 748B3AB51F37385D000555EA /* Build configuration list for PBXProject "Top News" */;
			compatibilityVersion = "Xcode 3.2";
			developmentRegion = English;
			hasScannedForEncodings = 0;
			knownRegions = (
				en,
				Base,
			);
			mainGroup = 748B3AB11F37385D000555EA;
			productRefGroup = 748B3ABB1F37385D000555EA /* Products */;
			projectDirPath = "";
			projectRoot = "";
			targets = (
				748B3AB91F37385D000555EA /* Top News */,
			);
		};
/* End PBXProject section */

/* Begin PBXResourcesBuildPhase section */
		748B3AB81F37385D000555EA /* Resources */ = {
			isa = PBXResourcesBuildPhase;
			buildActionMask = 2147483647;
			files = (
				74886B071F3B1A5E00E69EA4 /* Main.storyboard in Resources */,
				74886B0D1F3B294B00E69EA4 /* Assets.xcassets in Resources */,
				748B3ACB1F37385D000555EA /* LaunchScreen.storyboard in Resources */,
			);
			runOnlyForDeploymentPostprocessing = 0;
		};
/* End PBXResourcesBuildPhase section */

/* Begin PBXShellScriptBuildPhase section */
		07B2095B42FD64E9B71B84DC /* [CP] Check Pods Manifest.lock */ = {
			isa = PBXShellScriptBuildPhase;
			buildActionMask = 2147483647;
			files = (
			);
			inputPaths = (
			);
			name = "[CP] Check Pods Manifest.lock";
			outputPaths = (
			);
			runOnlyForDeploymentPostprocessing = 0;
			shellPath = /bin/sh;
			shellScript = "diff \"${PODS_ROOT}/../Podfile.lock\" \"${PODS_ROOT}/Manifest.lock\" > /dev/null\nif [ $? != 0 ] ; then\n    # print error to STDERR\n    echo \"error: The sandbox is not in sync with the Podfile.lock. Run 'pod install' or update your CocoaPods installation.\" >&2\n    exit 1\nfi\n";
			showEnvVarsInLog = 0;
		};
		1B4F5D8E5837257385090E50 /* [CP] Copy Pods Resources */ = {
			isa = PBXShellScriptBuildPhase;
			buildActionMask = 2147483647;
			files = (
			);
			inputPaths = (
			);
			name = "[CP] Copy Pods Resources";
			outputPaths = (
			);
			runOnlyForDeploymentPostprocessing = 0;
			shellPath = /bin/sh;
			shellScript = "\"${SRCROOT}/Pods/Target Support Files/Pods-Top News/Pods-Top News-resources.sh\"\n";
			showEnvVarsInLog = 0;
		};
		565FBC219EFD56D3D765B033 /* [CP] Embed Pods Frameworks */ = {
			isa = PBXShellScriptBuildPhase;
			buildActionMask = 2147483647;
			files = (
			);
			inputPaths = (
			);
			name = "[CP] Embed Pods Frameworks";
			outputPaths = (
			);
			runOnlyForDeploymentPostprocessing = 0;
			shellPath = /bin/sh;
			shellScript = "\"${SRCROOT}/Pods/Target Support Files/Pods-Top News/Pods-Top News-frameworks.sh\"\n";
			showEnvVarsInLog = 0;
		};
/* End PBXShellScriptBuildPhase section */

/* Begin PBXSourcesBuildPhase section */
		748B3AB61F37385D000555EA /* Sources */ = {
			isa = PBXSourcesBuildPhase;
			buildActionMask = 2147483647;
			files = (
				74886B0F1F3C469900E69EA4 /* MainTableViewCell.swift in Sources */,
				748B3AE81F374DA7000555EA /* Article.swift in Sources */,
				74EB508A1F41E23A00AB9587 /* InfiniteFooterView.swift in Sources */,
				748B3AD61F3744AD000555EA /* MainViewController.swift in Sources */,
				74886B091F3B1DDB00E69EA4 /* SourceCollectionViewCell.swift in Sources */,
				748B3ABE1F37385D000555EA /* AppDelegate.swift in Sources */,
				748B3AE41F374D29000555EA /* News.swift in Sources */,
				740B67DA1F4216B4009329A3 /* WebViewController.swift in Sources */,
				748B3AEA1F3754BC000555EA /* NewsAPI.swift in Sources */,
				74886B0B1F3B1F8600E69EA4 /* SourceCollectionViewController.swift in Sources */,
				7417DC4B1F39E1B700FB0769 /* Source of API.swift in Sources */,
				748B3AC61F37385D000555EA /* Top_News.xcdatamodeld in Sources */,
			);
			runOnlyForDeploymentPostprocessing = 0;
		};
/* End PBXSourcesBuildPhase section */

/* Begin PBXVariantGroup section */
		74886B051F3B1A5E00E69EA4 /* Main.storyboard */ = {
			isa = PBXVariantGroup;
			children = (
				74886B061F3B1A5E00E69EA4 /* Base */,
			);
			name = Main.storyboard;
			sourceTree = "<group>";
		};
		748B3AC91F37385D000555EA /* LaunchScreen.storyboard */ = {
			isa = PBXVariantGroup;
			children = (
				748B3ACA1F37385D000555EA /* Base */,
			);
			name = LaunchScreen.storyboard;
			sourceTree = "<group>";
		};
/* End PBXVariantGroup section */

/* Begin XCBuildConfiguration section */
		748B3ACD1F37385D000555EA /* Debug */ = {
			isa = XCBuildConfiguration;
			buildSettings = {
				ALWAYS_SEARCH_USER_PATHS = NO;
				CLANG_ANALYZER_NONNULL = YES;
				CLANG_CXX_LANGUAGE_STANDARD = "gnu++0x";
				CLANG_CXX_LIBRARY = "libc++";
				CLANG_ENABLE_MODULES = YES;
				CLANG_ENABLE_OBJC_ARC = YES;
				CLANG_WARN_BOOL_CONVERSION = YES;
				CLANG_WARN_CONSTANT_CONVERSION = YES;
				CLANG_WARN_DIRECT_OBJC_ISA_USAGE = YES_ERROR;
				CLANG_WARN_DOCUMENTATION_COMMENTS = YES;
				CLANG_WARN_EMPTY_BODY = YES;
				CLANG_WARN_ENUM_CONVERSION = YES;
				CLANG_WARN_INFINITE_RECURSION = YES;
				CLANG_WARN_INT_CONVERSION = YES;
				CLANG_WARN_OBJC_ROOT_CLASS = YES_ERROR;
				CLANG_WARN_SUSPICIOUS_MOVE = YES;
				CLANG_WARN_UNREACHABLE_CODE = YES;
				CLANG_WARN__DUPLICATE_METHOD_MATCH = YES;
				"CODE_SIGN_IDENTITY[sdk=iphoneos*]" = "iPhone Developer";
				COPY_PHASE_STRIP = NO;
				DEBUG_INFORMATION_FORMAT = dwarf;
				ENABLE_STRICT_OBJC_MSGSEND = YES;
				ENABLE_TESTABILITY = YES;
				GCC_C_LANGUAGE_STANDARD = gnu99;
				GCC_DYNAMIC_NO_PIC = NO;
				GCC_NO_COMMON_BLOCKS = YES;
				GCC_OPTIMIZATION_LEVEL = 0;
				GCC_PREPROCESSOR_DEFINITIONS = (
					"DEBUG=1",
					"$(inherited)",
				);
				GCC_WARN_64_TO_32_BIT_CONVERSION = YES;
				GCC_WARN_ABOUT_RETURN_TYPE = YES_ERROR;
				GCC_WARN_UNDECLARED_SELECTOR = YES;
				GCC_WARN_UNINITIALIZED_AUTOS = YES_AGGRESSIVE;
				GCC_WARN_UNUSED_FUNCTION = YES;
				GCC_WARN_UNUSED_VARIABLE = YES;
				IPHONEOS_DEPLOYMENT_TARGET = 10.2;
				MTL_ENABLE_DEBUG_INFO = YES;
				ONLY_ACTIVE_ARCH = YES;
				SDKROOT = iphoneos;
				SWIFT_ACTIVE_COMPILATION_CONDITIONS = DEBUG;
				SWIFT_OPTIMIZATION_LEVEL = "-Onone";
				TARGETED_DEVICE_FAMILY = "1,2";
			};
			name = Debug;
		};
		748B3ACE1F37385D000555EA /* Release */ = {
			isa = XCBuildConfiguration;
			buildSettings = {
				ALWAYS_SEARCH_USER_PATHS = NO;
				CLANG_ANALYZER_NONNULL = YES;
				CLANG_CXX_LANGUAGE_STANDARD = "gnu++0x";
				CLANG_CXX_LIBRARY = "libc++";
				CLANG_ENABLE_MODULES = YES;
				CLANG_ENABLE_OBJC_ARC = YES;
				CLANG_WARN_BOOL_CONVERSION = YES;
				CLANG_WARN_CONSTANT_CONVERSION = YES;
				CLANG_WARN_DIRECT_OBJC_ISA_USAGE = YES_ERROR;
				CLANG_WARN_DOCUMENTATION_COMMENTS = YES;
				CLANG_WARN_EMPTY_BODY = YES;
				CLANG_WARN_ENUM_CONVERSION = YES;
				CLANG_WARN_INFINITE_RECURSION = YES;
				CLANG_WARN_INT_CONVERSION = YES;
				CLANG_WARN_OBJC_ROOT_CLASS = YES_ERROR;
				CLANG_WARN_SUSPICIOUS_MOVE = YES;
				CLANG_WARN_UNREACHABLE_CODE = YES;
				CLANG_WARN__DUPLICATE_METHOD_MATCH = YES;
				"CODE_SIGN_IDENTITY[sdk=iphoneos*]" = "iPhone Developer";
				COPY_PHASE_STRIP = NO;
				DEBUG_INFORMATION_FORMAT = "dwarf-with-dsym";
				ENABLE_NS_ASSERTIONS = NO;
				ENABLE_STRICT_OBJC_MSGSEND = YES;
				GCC_C_LANGUAGE_STANDARD = gnu99;
				GCC_NO_COMMON_BLOCKS = YES;
				GCC_WARN_64_TO_32_BIT_CONVERSION = YES;
				GCC_WARN_ABOUT_RETURN_TYPE = YES_ERROR;
				GCC_WARN_UNDECLARED_SELECTOR = YES;
				GCC_WARN_UNINITIALIZED_AUTOS = YES_AGGRESSIVE;
				GCC_WARN_UNUSED_FUNCTION = YES;
				GCC_WARN_UNUSED_VARIABLE = YES;
				IPHONEOS_DEPLOYMENT_TARGET = 10.2;
				MTL_ENABLE_DEBUG_INFO = NO;
				SDKROOT = iphoneos;
				SWIFT_OPTIMIZATION_LEVEL = "-Owholemodule";
				TARGETED_DEVICE_FAMILY = "1,2";
				VALIDATE_PRODUCT = YES;
			};
			name = Release;
		};
		748B3AD01F37385D000555EA /* Debug */ = {
			isa = XCBuildConfiguration;
			baseConfigurationReference = 824BC1EE13673DDCD03FD77F /* Pods-Top News.debug.xcconfig */;
			buildSettings = {
				ASSETCATALOG_COMPILER_APPICON_NAME = AppIcon;
				INFOPLIST_FILE = "Top News/Info.plist";
				LD_RUNPATH_SEARCH_PATHS = "$(inherited) @executable_path/Frameworks";
				PRODUCT_BUNDLE_IDENTIFIER = "Egor.Top-News";
				PRODUCT_NAME = "$(TARGET_NAME)";
				SWIFT_VERSION = 3.0;
			};
			name = Debug;
		};
		748B3AD11F37385D000555EA /* Release */ = {
			isa = XCBuildConfiguration;
			baseConfigurationReference = 6CD4B9E97C4265C479D8654E /* Pods-Top News.release.xcconfig */;
			buildSettings = {
				ASSETCATALOG_COMPILER_APPICON_NAME = AppIcon;
				INFOPLIST_FILE = "Top News/Info.plist";
				LD_RUNPATH_SEARCH_PATHS = "$(inherited) @executable_path/Frameworks";
				PRODUCT_BUNDLE_IDENTIFIER = "Egor.Top-News";
				PRODUCT_NAME = "$(TARGET_NAME)";
				SWIFT_VERSION = 3.0;
			};
			name = Release;
		};
/* End XCBuildConfiguration section */

/* Begin XCConfigurationList section */
		748B3AB51F37385D000555EA /* Build configuration list for PBXProject "Top News" */ = {
			isa = XCConfigurationList;
			buildConfigurations = (
				748B3ACD1F37385D000555EA /* Debug */,
				748B3ACE1F37385D000555EA /* Release */,
			);
			defaultConfigurationIsVisible = 0;
			defaultConfigurationName = Release;
		};
		748B3ACF1F37385D000555EA /* Build configuration list for PBXNativeTarget "Top News" */ = {
			isa = XCConfigurationList;
			buildConfigurations = (
				748B3AD01F37385D000555EA /* Debug */,
				748B3AD11F37385D000555EA /* Release */,
			);
			defaultConfigurationIsVisible = 0;
			defaultConfigurationName = Release;
		};
/* End XCConfigurationList section */

/* Begin XCVersionGroup section */
		748B3AC41F37385D000555EA /* Top_News.xcdatamodeld */ = {
			isa = XCVersionGroup;
			children = (
				748B3AC51F37385D000555EA /* Top_News.xcdatamodel */,
			);
			currentVersion = 748B3AC51F37385D000555EA /* Top_News.xcdatamodel */;
			path = Top_News.xcdatamodeld;
			sourceTree = "<group>";
			versionGroupType = wrapper.xcdatamodel;
		};
/* End XCVersionGroup section */
	};
	rootObject = 748B3AB21F37385D000555EA /* Project object */;
}
