// !$*UTF8*$!
{
	archiveVersion = 1;
	classes = {
	};
	objectVersion = 46;
	objects = {

/* Begin PBXBuildFile section */
		748B3ABE1F37385D000555EA /* AppDelegate.swift in Sources */ = {isa = PBXBuildFile; fileRef = 748B3ABD1F37385D000555EA /* AppDelegate.swift */; };
		748B3AC31F37385D000555EA /* Main.storyboard in Resources */ = {isa = PBXBuildFile; fileRef = 748B3AC11F37385D000555EA /* Main.storyboard */; };
		748B3AC61F37385D000555EA /* Top_News.xcdatamodeld in Sources */ = {isa = PBXBuildFile; fileRef = 748B3AC41F37385D000555EA /* Top_News.xcdatamodeld */; };
		748B3AC81F37385D000555EA /* Assets.xcassets in Resources */ = {isa = PBXBuildFile; fileRef = 748B3AC71F37385D000555EA /* Assets.xcassets */; };
		748B3ACB1F37385D000555EA /* LaunchScreen.storyboard in Resources */ = {isa = PBXBuildFile; fileRef = 748B3AC91F37385D000555EA /* LaunchScreen.storyboard */; };
		748B3AD61F3744AD000555EA /* MainViewController.swift in Sources */ = {isa = PBXBuildFile; fileRef = 748B3AD51F3744AD000555EA /* MainViewController.swift */; };
		748B3AE21F374D02000555EA /* SourceOfNews.swift in Sources */ = {isa = PBXBuildFile; fileRef = 748B3AE11F374D02000555EA /* SourceOfNews.swift */; };
		748B3AE41F374D29000555EA /* News.swift in Sources */ = {isa = PBXBuildFile; fileRef = 748B3AE31F374D29000555EA /* News.swift */; };
		748B3AE81F374DA7000555EA /* Article.swift in Sources */ = {isa = PBXBuildFile; fileRef = 748B3AE71F374DA7000555EA /* Article.swift */; };
/* End PBXBuildFile section */

/* Begin PBXFileReference section */
		748B3ABA1F37385D000555EA /* Top News.app */ = {isa = PBXFileReference; explicitFileType = wrapper.application; includeInIndex = 0; path = "Top News.app"; sourceTree = BUILT_PRODUCTS_DIR; };
		748B3ABD1F37385D000555EA /* AppDelegate.swift */ = {isa = PBXFileReference; lastKnownFileType = sourcecode.swift; path = AppDelegate.swift; sourceTree = "<group>"; };
		748B3AC21F37385D000555EA /* Base */ = {isa = PBXFileReference; lastKnownFileType = file.storyboard; name = Base; path = Base.lproj/Main.storyboard; sourceTree = "<group>"; };
		748B3AC51F37385D000555EA /* Top_News.xcdatamodel */ = {isa = PBXFileReference; lastKnownFileType = wrapper.xcdatamodel; path = Top_News.xcdatamodel; sourceTree = "<group>"; };
		748B3AC71F37385D000555EA /* Assets.xcassets */ = {isa = PBXFileReference; lastKnownFileType = folder.assetcatalog; path = Assets.xcassets; sourceTree = "<group>"; };
		748B3ACA1F37385D000555EA /* Base */ = {isa = PBXFileReference; lastKnownFileType = file.storyboard; name = Base; path = Base.lproj/LaunchScreen.storyboard; sourceTree = "<group>"; };
		748B3ACC1F37385D000555EA /* Info.plist */ = {isa = PBXFileReference; lastKnownFileType = text.plist.xml; path = Info.plist; sourceTree = "<group>"; };
		748B3AD51F3744AD000555EA /* MainViewController.swift */ = {isa = PBXFileReference; fileEncoding = 4; lastKnownFileType = sourcecode.swift; path = MainViewController.swift; sourceTree = "<group>"; };
		748B3AE11F374D02000555EA /* SourceOfNews.swift */ = {isa = PBXFileReference; fileEncoding = 4; lastKnownFileType = sourcecode.swift; path = SourceOfNews.swift; sourceTree = "<group>"; };
		748B3AE31F374D29000555EA /* News.swift */ = {isa = PBXFileReference; fileEncoding = 4; lastKnownFileType = sourcecode.swift; path = News.swift; sourceTree = "<group>"; };
		748B3AE71F374DA7000555EA /* Article.swift */ = {isa = PBXFileReference; fileEncoding = 4; lastKnownFileType = sourcecode.swift; path = Article.swift; sourceTree = "<group>"; };
/* End PBXFileReference section */

/* Begin PBXFrameworksBuildPhase section */
		748B3AB71F37385D000555EA /* Frameworks */ = {
			isa = PBXFrameworksBuildPhase;
			buildActionMask = 2147483647;
			files = (
			);
			runOnlyForDeploymentPostprocessing = 0;
		};
/* End PBXFrameworksBuildPhase section */

/* Begin PBXGroup section */
		748B3AB11F37385D000555EA = {
			isa = PBXGroup;
			children = (
				748B3ABC1F37385D000555EA /* Top News */,
				748B3AC11F37385D000555EA /* Main.storyboard */,
				748B3ABB1F37385D000555EA /* Products */,
			);
			sourceTree = "<group>";
		};
		748B3ABB1F37385D000555EA /* Products */ = {
			isa = PBXGroup;
			children = (
				748B3ABA1F37385D000555EA /* Top News.app */,
			);
			name = Products;
			sourceTree = "<group>";
		};
		748B3ABC1F37385D000555EA /* Top News */ = {
			isa = PBXGroup;
			children = (
				748B3AD71F3744CE000555EA /* Model */,
				748B3AD41F3738C8000555EA /* Controllers */,
				748B3AD31F37389C000555EA /* Support Files */,
				748B3AD21F373888000555EA /* Data Base */,
			);
			path = "Top News";
			sourceTree = "<group>";
		};
		748B3AD21F373888000555EA /* Data Base */ = {
			isa = PBXGroup;
			children = (
				748B3AC41F37385D000555EA /* Top_News.xcdatamodeld */,
			);
			name = "Data Base";
			sourceTree = "<group>";
		};
		748B3AD31F37389C000555EA /* Support Files */ = {
			isa = PBXGroup;
			children = (
				748B3AC91F37385D000555EA /* LaunchScreen.storyboard */,
				748B3ABD1F37385D000555EA /* AppDelegate.swift */,
				748B3AC71F37385D000555EA /* Assets.xcassets */,
				748B3ACC1F37385D000555EA /* Info.plist */,
			);
			name = "Support Files";
			sourceTree = "<group>";
		};
		748B3AD41F3738C8000555EA /* Controllers */ = {
			isa = PBXGroup;
			children = (
				748B3AD51F3744AD000555EA /* MainViewController.swift */,
			);
			name = Controllers;
			sourceTree = "<group>";
		};
		748B3AD71F3744CE000555EA /* Model */ = {
			isa = PBXGroup;
			children = (
				748B3AE11F374D02000555EA /* SourceOfNews.swift */,
				748B3AE31F374D29000555EA /* News.swift */,
				748B3AE71F374DA7000555EA /* Article.swift */,
			);
			name = Model;
			sourceTree = "<group>";
		};
/* End PBXGroup section */

/* Begin PBXNativeTarget section */
		748B3AB91F37385D000555EA /* Top News */ = {
			isa = PBXNativeTarget;
			buildConfigurationList = 748B3ACF1F37385D000555EA /* Build configuration list for PBXNativeTarget "Top News" */;
			buildPhases = (
				748B3AB61F37385D000555EA /* Sources */,
				748B3AB71F37385D000555EA /* Frameworks */,
				748B3AB81F37385D000555EA /* Resources */,
			);
			buildRules = (
			);
			dependencies = (
			);
			name = "Top News";
			productName = "Top News";
			productReference = 748B3ABA1F37385D000555EA /* Top News.app */;
			productType = "com.apple.product-type.application";
		};
/* End PBXNativeTarget section */

/* Begin PBXProject section */
		748B3AB21F37385D000555EA /* Project object */ = {
			isa = PBXProject;
			attributes = {
				LastSwiftUpdateCheck = 0820;
				LastUpgradeCheck = 0820;
				ORGANIZATIONNAME = Egor;
				TargetAttributes = {
					748B3AB91F37385D000555EA = {
						CreatedOnToolsVersion = 8.2.1;
						ProvisioningStyle = Automatic;
					};
				};
			};
			buildConfigurationList = 748B3AB51F37385D000555EA /* Build configuration list for PBXProject "Top News" */;
			compatibilityVersion = "Xcode 3.2";
			developmentRegion = English;
			hasScannedForEncodings = 0;
			knownRegions = (
				en,
				Base,
			);
			mainGroup = 748B3AB11F37385D000555EA;
			productRefGroup = 748B3ABB1F37385D000555EA /* Products */;
			projectDirPath = "";
			projectRoot = "";
			targets = (
				748B3AB91F37385D000555EA /* Top News */,
			);
		};
/* End PBXProject section */

/* Begin PBXResourcesBuildPhase section */
		748B3AB81F37385D000555EA /* Resources */ = {
			isa = PBXResourcesBuildPhase;
			buildActionMask = 2147483647;
			files = (
				748B3ACB1F37385D000555EA /* LaunchScreen.storyboard in Resources */,
				748B3AC81F37385D000555EA /* Assets.xcassets in Resources */,
				748B3AC31F37385D000555EA /* Main.storyboard in Resources */,
			);
			runOnlyForDeploymentPostprocessing = 0;
		};
/* End PBXResourcesBuildPhase section */

/* Begin PBXSourcesBuildPhase section */
		748B3AB61F37385D000555EA /* Sources */ = {
			isa = PBXSourcesBuildPhase;
			buildActionMask = 2147483647;
			files = (
				748B3AE81F374DA7000555EA /* Article.swift in Sources */,
				748B3AE21F374D02000555EA /* SourceOfNews.swift in Sources */,
				748B3AD61F3744AD000555EA /* MainViewController.swift in Sources */,
				748B3ABE1F37385D000555EA /* AppDelegate.swift in Sources */,
				748B3AE41F374D29000555EA /* News.swift in Sources */,
				748B3AC61F37385D000555EA /* Top_News.xcdatamodeld in Sources */,
			);
			runOnlyForDeploymentPostprocessing = 0;
		};
/* End PBXSourcesBuildPhase section */

/* Begin PBXVariantGroup section */
		748B3AC11F37385D000555EA /* Main.storyboard */ = {
			isa = PBXVariantGroup;
			children = (
				748B3AC21F37385D000555EA /* Base */,
			);
			name = Main.storyboard;
			path = "Top News";
			sourceTree = "<group>";
		};
		748B3AC91F37385D000555EA /* LaunchScreen.storyboard */ = {
			isa = PBXVariantGroup;
			children = (
				748B3ACA1F37385D000555EA /* Base */,
			);
			name = LaunchScreen.storyboard;
			sourceTree = "<group>";
		};
/* End PBXVariantGroup section */

/* Begin XCBuildConfiguration section */
		748B3ACD1F37385D000555EA /* Debug */ = {
			isa = XCBuildConfiguration;
			buildSettings = {
				ALWAYS_SEARCH_USER_PATHS = NO;
				CLANG_ANALYZER_NONNULL = YES;
				CLANG_CXX_LANGUAGE_STANDARD = "gnu++0x";
				CLANG_CXX_LIBRARY = "libc++";
				CLANG_ENABLE_MODULES = YES;
				CLANG_ENABLE_OBJC_ARC = YES;
				CLANG_WARN_BOOL_CONVERSION = YES;
				CLANG_WARN_CONSTANT_CONVERSION = YES;
				CLANG_WARN_DIRECT_OBJC_ISA_USAGE = YES_ERROR;
				CLANG_WARN_DOCUMENTATION_COMMENTS = YES;
				CLANG_WARN_EMPTY_BODY = YES;
				CLANG_WARN_ENUM_CONVERSION = YES;
				CLANG_WARN_INFINITE_RECURSION = YES;
				CLANG_WARN_INT_CONVERSION = YES;
				CLANG_WARN_OBJC_ROOT_CLASS = YES_ERROR;
				CLANG_WARN_SUSPICIOUS_MOVE = YES;
				CLANG_WARN_UNREACHABLE_CODE = YES;
				CLANG_WARN__DUPLICATE_METHOD_MATCH = YES;
				"CODE_SIGN_IDENTITY[sdk=iphoneos*]" = "iPhone Developer";
				COPY_PHASE_STRIP = NO;
				DEBUG_INFORMATION_FORMAT = dwarf;
				ENABLE_STRICT_OBJC_MSGSEND = YES;
				ENABLE_TESTABILITY = YES;
				GCC_C_LANGUAGE_STANDARD = gnu99;
				GCC_DYNAMIC_NO_PIC = NO;
				GCC_NO_COMMON_BLOCKS = YES;
				GCC_OPTIMIZATION_LEVEL = 0;
				GCC_PREPROCESSOR_DEFINITIONS = (
					"DEBUG=1",
					"$(inherited)",
				);
				GCC_WARN_64_TO_32_BIT_CONVERSION = YES;
				GCC_WARN_ABOUT_RETURN_TYPE = YES_ERROR;
				GCC_WARN_UNDECLARED_SELECTOR = YES;
				GCC_WARN_UNINITIALIZED_AUTOS = YES_AGGRESSIVE;
				GCC_WARN_UNUSED_FUNCTION = YES;
				GCC_WARN_UNUSED_VARIABLE = YES;
				IPHONEOS_DEPLOYMENT_TARGET = 10.2;
				MTL_ENABLE_DEBUG_INFO = YES;
				ONLY_ACTIVE_ARCH = YES;
				SDKROOT = iphoneos;
				SWIFT_ACTIVE_COMPILATION_CONDITIONS = DEBUG;
				SWIFT_OPTIMIZATION_LEVEL = "-Onone";
				TARGETED_DEVICE_FAMILY = "1,2";
			};
			name = Debug;
		};
		748B3ACE1F37385D000555EA /* Release */ = {
			isa = XCBuildConfiguration;
			buildSettings = {
				ALWAYS_SEARCH_USER_PATHS = NO;
				CLANG_ANALYZER_NONNULL = YES;
				CLANG_CXX_LANGUAGE_STANDARD = "gnu++0x";
				CLANG_CXX_LIBRARY = "libc++";
				CLANG_ENABLE_MODULES = YES;
				CLANG_ENABLE_OBJC_ARC = YES;
				CLANG_WARN_BOOL_CONVERSION = YES;
				CLANG_WARN_CONSTANT_CONVERSION = YES;
				CLANG_WARN_DIRECT_OBJC_ISA_USAGE = YES_ERROR;
				CLANG_WARN_DOCUMENTATION_COMMENTS = YES;
				CLANG_WARN_EMPTY_BODY = YES;
				CLANG_WARN_ENUM_CONVERSION = YES;
				CLANG_WARN_INFINITE_RECURSION = YES;
				CLANG_WARN_INT_CONVERSION = YES;
				CLANG_WARN_OBJC_ROOT_CLASS = YES_ERROR;
				CLANG_WARN_SUSPICIOUS_MOVE = YES;
				CLANG_WARN_UNREACHABLE_CODE = YES;
				CLANG_WARN__DUPLICATE_METHOD_MATCH = YES;
				"CODE_SIGN_IDENTITY[sdk=iphoneos*]" = "iPhone Developer";
				COPY_PHASE_STRIP = NO;
				DEBUG_INFORMATION_FORMAT = "dwarf-with-dsym";
				ENABLE_NS_ASSERTIONS = NO;
				ENABLE_STRICT_OBJC_MSGSEND = YES;
				GCC_C_LANGUAGE_STANDARD = gnu99;
				GCC_NO_COMMON_BLOCKS = YES;
				GCC_WARN_64_TO_32_BIT_CONVERSION = YES;
				GCC_WARN_ABOUT_RETURN_TYPE = YES_ERROR;
				GCC_WARN_UNDECLARED_SELECTOR = YES;
				GCC_WARN_UNINITIALIZED_AUTOS = YES_AGGRESSIVE;
				GCC_WARN_UNUSED_FUNCTION = YES;
				GCC_WARN_UNUSED_VARIABLE = YES;
				IPHONEOS_DEPLOYMENT_TARGET = 10.2;
				MTL_ENABLE_DEBUG_INFO = NO;
				SDKROOT = iphoneos;
				SWIFT_OPTIMIZATION_LEVEL = "-Owholemodule";
				TARGETED_DEVICE_FAMILY = "1,2";
				VALIDATE_PRODUCT = YES;
			};
			name = Release;
		};
		748B3AD01F37385D000555EA /* Debug */ = {
			isa = XCBuildConfiguration;
			buildSettings = {
				ASSETCATALOG_COMPILER_APPICON_NAME = AppIcon;
				INFOPLIST_FILE = "Top News/Info.plist";
				LD_RUNPATH_SEARCH_PATHS = "$(inherited) @executable_path/Frameworks";
				PRODUCT_BUNDLE_IDENTIFIER = "Egor.Top-News";
				PRODUCT_NAME = "$(TARGET_NAME)";
				SWIFT_VERSION = 3.0;
			};
			name = Debug;
		};
		748B3AD11F37385D000555EA /* Release */ = {
			isa = XCBuildConfiguration;
			buildSettings = {
				ASSETCATALOG_COMPILER_APPICON_NAME = AppIcon;
				INFOPLIST_FILE = "Top News/Info.plist";
				LD_RUNPATH_SEARCH_PATHS = "$(inherited) @executable_path/Frameworks";
				PRODUCT_BUNDLE_IDENTIFIER = "Egor.Top-News";
				PRODUCT_NAME = "$(TARGET_NAME)";
				SWIFT_VERSION = 3.0;
			};
			name = Release;
		};
/* End XCBuildConfiguration section */

/* Begin XCConfigurationList section */
		748B3AB51F37385D000555EA /* Build configuration list for PBXProject "Top News" */ = {
			isa = XCConfigurationList;
			buildConfigurations = (
				748B3ACD1F37385D000555EA /* Debug */,
				748B3ACE1F37385D000555EA /* Release */,
			);
			defaultConfigurationIsVisible = 0;
			defaultConfigurationName = Release;
		};
		748B3ACF1F37385D000555EA /* Build configuration list for PBXNativeTarget "Top News" */ = {
			isa = XCConfigurationList;
			buildConfigurations = (
				748B3AD01F37385D000555EA /* Debug */,
				748B3AD11F37385D000555EA /* Release */,
			);
			defaultConfigurationIsVisible = 0;
			defaultConfigurationName = Release;
		};
/* End XCConfigurationList section */

/* Begin XCVersionGroup section */
		748B3AC41F37385D000555EA /* Top_News.xcdatamodeld */ = {
			isa = XCVersionGroup;
			children = (
				748B3AC51F37385D000555EA /* Top_News.xcdatamodel */,
			);
			currentVersion = 748B3AC51F37385D000555EA /* Top_News.xcdatamodel */;
			path = Top_News.xcdatamodeld;
			sourceTree = "<group>";
			versionGroupType = wrapper.xcdatamodel;
		};
/* End XCVersionGroup section */
	};
	rootObject = 748B3AB21F37385D000555EA /* Project object */;
}
